
Microsoft Visual Studio Solution File, Format Version 12.00
# Visual Studio Version 16
VisualStudioVersion = 16.0.29411.108
MinimumVisualStudioVersion = 10.0.40219.1
Project("{FAE04EC0-301F-11D3-BF4B-00C04F79EFBC}") = "ApiEstudo", "ApiEstudo\ApiEstudo.csproj", "{53FC0AFF-B43E-4733-A20A-A49A05588E3A}"
EndProject
Global
	GlobalSection(SolutionConfigurationPlatforms) = preSolution
		Debug|Any CPU = Debug|Any CPU
		Release|Any CPU = Release|Any CPU
	EndGlobalSection
	GlobalSection(ProjectConfigurationPlatforms) = postSolution
		{53FC0AFF-B43E-4733-A20A-A49A05588E3A}.Debug|Any CPU.ActiveCfg = Debug|Any CPU
		{53FC0AFF-B43E-4733-A20A-A49A05588E3A}.Debug|Any CPU.Build.0 = Debug|Any CPU
		{53FC0AFF-B43E-4733-A20A-A49A05588E3A}.Release|Any CPU.ActiveCfg = Release|Any CPU
		{53FC0AFF-B43E-4733-A20A-A49A05588E3A}.Release|Any CPU.Build.0 = Release|Any CPU
	EndGlobalSection
	GlobalSection(SolutionProperties) = preSolution
		HideSolutionNode = FALSE
	EndGlobalSection
	GlobalSection(ExtensibilityGlobals) = postSolution
		SolutionGuid = {403C7F7B-041A-438A-B48C-AA46229CA5C7}
	EndGlobalSection
EndGlobal
